
Microsoft Visual Studio Solution File, Format Version 12.00
# Visual Studio Version 16
VisualStudioVersion = 16.0.31702.278
MinimumVisualStudioVersion = 10.0.40219.1
Project("{9A19103F-16F7-4668-BE54-9A1E7A4F7556}") = "BugTracker2", "BugTracker2\BugTracker2.csproj", "{8D94C37A-2701-4EE7-9DAB-C03658FDEF89}"
EndProject
Project("{FAE04EC0-301F-11D3-BF4B-00C04F79EFBC}") = "BugTrackerTests", "BugTrackerTests\BugTrackerTests.csproj", "{D84832A2-25C3-4B87-9B4D-8CE9DC046123}"
EndProject
Global
	GlobalSection(SolutionConfigurationPlatforms) = preSolution
		Debug|Any CPU = Debug|Any CPU
		Release|Any CPU = Release|Any CPU
	EndGlobalSection
	GlobalSection(ProjectConfigurationPlatforms) = postSolution
		{8D94C37A-2701-4EE7-9DAB-C03658FDEF89}.Debug|Any CPU.ActiveCfg = Debug|Any CPU
		{8D94C37A-2701-4EE7-9DAB-C03658FDEF89}.Debug|Any CPU.Build.0 = Debug|Any CPU
		{8D94C37A-2701-4EE7-9DAB-C03658FDEF89}.Release|Any CPU.ActiveCfg = Release|Any CPU
		{8D94C37A-2701-4EE7-9DAB-C03658FDEF89}.Release|Any CPU.Build.0 = Release|Any CPU
		{D84832A2-25C3-4B87-9B4D-8CE9DC046123}.Debug|Any CPU.ActiveCfg = Debug|Any CPU
		{D84832A2-25C3-4B87-9B4D-8CE9DC046123}.Debug|Any CPU.Build.0 = Debug|Any CPU
		{D84832A2-25C3-4B87-9B4D-8CE9DC046123}.Release|Any CPU.ActiveCfg = Release|Any CPU
		{D84832A2-25C3-4B87-9B4D-8CE9DC046123}.Release|Any CPU.Build.0 = Release|Any CPU
	EndGlobalSection
	GlobalSection(SolutionProperties) = preSolution
		HideSolutionNode = FALSE
	EndGlobalSection
	GlobalSection(ExtensibilityGlobals) = postSolution
		SolutionGuid = {53FF8B24-CE3E-4EA0-98C4-6262973E6F85}
	EndGlobalSection
EndGlobal
